<?xml version="1.0" encoding="utf-8"?>
<Project ToolsVersion="4.0" xmlns="http://schemas.microsoft.com/developer/msbuild/2003">
  <ItemGroup>
    <ClCompile Include="main.cpp" />
    <ClCompile Include="stdafx.cpp" />
    <ClCompile Include="GameApp01.cpp">
      <Filter>_GAME01</Filter>
    </ClCompile>
    <ClCompile Include="MapEngine.cpp">
      <Filter>_GAME01</Filter>
    </ClCompile>
    <ClCompile Include="GeometryMap.cpp">
      <Filter>_GAME01</Filter>
    </ClCompile>
    <ClCompile Include="Temp.cpp">
      <Filter>temp\math</Filter>
    </ClCompile>
    <ClCompile Include="Actor.cpp">
      <Filter>temp\scene</Filter>
    </ClCompile>
    <ClCompile Include="Component.cpp">
      <Filter>temp\scene</Filter>
    </ClCompile>
    <ClCompile Include="DepthStencilState.cpp">
      <Filter>temp\render</Filter>
    </ClCompile>
  </ItemGroup>
  <ItemGroup>
    <ClInclude Include="BaseSceneShader.h" />
    <ClInclude Include="stdafx.h" />
    <ClInclude Include="Vertex.h" />
    <ClInclude Include="GameApp01.h">
      <Filter>_GAME01</Filter>
    </ClInclude>
    <ClInclude Include="MapEngine.h">
      <Filter>_GAME01</Filter>
    </ClInclude>
    <ClInclude Include="GeometryMap.h">
      <Filter>_GAME01</Filter>
    </ClInclude>
    <ClInclude Include="Box.h">
      <Filter>temp\math</Filter>
    </ClInclude>
    <ClInclude Include="Color.h">
      <Filter>temp\math</Filter>
    </ClInclude>
    <ClInclude Include="Constants.h">
      <Filter>temp\math</Filter>
    </ClInclude>
    <ClInclude Include="ConvexVolume.h">
      <Filter>temp\math</Filter>
    </ClInclude>
    <ClInclude Include="Matrix.h">
      <Filter>temp\math</Filter>
    </ClInclude>
    <ClInclude Include="Scalar.h">
      <Filter>temp\math</Filter>
    </ClInclude>
    <ClInclude Include="Size.h">
      <Filter>temp\math</Filter>
    </ClInclude>
    <ClInclude Include="Vector.h">
      <Filter>temp\math</Filter>
    </ClInclude>
    <ClInclude Include="Plane.h">
      <Filter>temp\math</Filter>
    </ClInclude>
    <ClInclude Include="Quaternion.h">
      <Filter>temp\math</Filter>
    </ClInclude>
    <ClInclude Include="Rect.h">
      <Filter>temp\math</Filter>
    </ClInclude>
    <ClInclude Include="Actor.h">
      <Filter>temp\scene</Filter>
    </ClInclude>
    <ClInclude Include="Component.h">
      <Filter>temp\scene</Filter>
    </ClInclude>
    <ClInclude Include="CompareFunction.h">
      <Filter>temp\render</Filter>
    </ClInclude>
    <ClInclude Include="StencilOperation.h">
      <Filter>temp\render</Filter>
    </ClInclude>
    <ClInclude Include="DepthStencilState.h">
      <Filter>temp\render</Filter>
    </ClInclude>
  </ItemGroup>
  <ItemGroup>
    <Filter Include="_GAME01">
      <UniqueIdentifier>{d4f1f12f-5961-4dd7-bb1e-e3e20c2a8865}</UniqueIdentifier>
    </Filter>
    <Filter Include="temp">
      <UniqueIdentifier>{23684cb4-de8f-467f-9d2f-7b32a2b458e4}</UniqueIdentifier>
    </Filter>
    <Filter Include="temp\math">
      <UniqueIdentifier>{50cb0237-769b-47a5-91d5-0b4381ebae76}</UniqueIdentifier>
    </Filter>
    <Filter Include="temp\scene">
      <UniqueIdentifier>{1f20e259-8e64-4123-a8d1-ac7fd7073da1}</UniqueIdentifier>
    </Filter>
    <Filter Include="temp\render">
      <UniqueIdentifier>{07b9fcc9-b652-4127-9b23-4838167c0d1d}</UniqueIdentifier>
    </Filter>
  </ItemGroup>
</Project>