<?xml version="1.0" encoding="utf-8"?>
<Project ToolsVersion="4.0" xmlns="http://schemas.microsoft.com/developer/msbuild/2003">
  <ItemGroup>
    <ClCompile Include="main.cpp" />
    <ClCompile Include="stdafx.cpp" />
    <ClCompile Include="GameApp01.cpp">
      <Filter>_GAME01</Filter>
    </ClCompile>
    <ClCompile Include="MapEngine.cpp">
      <Filter>_GAME01</Filter>
    </ClCompile>
    <ClCompile Include="GeometryMap.cpp">
      <Filter>_GAME01</Filter>
    </ClCompile>
  </ItemGroup>
  <ItemGroup>
    <ClInclude Include="BaseSceneShader.h" />
    <ClInclude Include="stdafx.h" />
    <ClInclude Include="Vertex.h" />
    <ClInclude Include="GameApp01.h">
      <Filter>_GAME01</Filter>
    </ClInclude>
    <ClInclude Include="MapEngine.h">
      <Filter>_GAME01</Filter>
    </ClInclude>
    <ClInclude Include="GeometryMap.h">
      <Filter>_GAME01</Filter>
    </ClInclude>
  </ItemGroup>
  <ItemGroup>
    <Filter Include="_GAME01">
      <UniqueIdentifier>{d4f1f12f-5961-4dd7-bb1e-e3e20c2a8865}</UniqueIdentifier>
    </Filter>
  </ItemGroup>
</Project>