<?xml version="1.0" encoding="utf-8"?>
<Project ToolsVersion="4.0" xmlns="http://schemas.microsoft.com/developer/msbuild/2003">
  <ItemGroup>
    <ClCompile Include="main.cpp" />
    <ClCompile Include="stdafx.cpp" />
    <ClCompile Include="GameApp.cpp" />
    <ClCompile Include="World.cpp">
      <Filter>World</Filter>
    </ClCompile>
    <ClCompile Include="Floor.cpp">
      <Filter>World</Filter>
    </ClCompile>
  </ItemGroup>
  <ItemGroup>
    <ClInclude Include="BaseSceneShader.h" />
    <ClInclude Include="stdafx.h" />
    <ClInclude Include="Vertex.h" />
    <ClInclude Include="GameApp.h" />
    <ClInclude Include="World.h">
      <Filter>World</Filter>
    </ClInclude>
    <ClInclude Include="Floor.h">
      <Filter>World</Filter>
    </ClInclude>
  </ItemGroup>
  <ItemGroup>
    <Filter Include="World">
      <UniqueIdentifier>{d4f1f12f-5961-4dd7-bb1e-e3e20c2a8865}</UniqueIdentifier>
    </Filter>
  </ItemGroup>
</Project>